// !$*UTF8*$!
{
	archiveVersion = 1;
	classes = {
	};
	objectVersion = 46;
	objects = {

/* Begin PBXBuildFile section */
		070AF2BA19524BA9006BFFE1 /* arith.gr.gen.cc in Sources */ = {isa = PBXBuildFile; fileRef = 070AF2B319524BA9006BFFE1 /* arith.gr.gen.cc */; };
		070AF2BB19524BA9006BFFE1 /* arith.cc in Sources */ = {isa = PBXBuildFile; fileRef = 070AF2B519524BA9006BFFE1 /* arith.cc */; };
		070AF2BC19524BA9006BFFE1 /* arithyy.cc in Sources */ = {isa = PBXBuildFile; fileRef = 070AF2B819524BA9006BFFE1 /* arithyy.cc */; };
		070AF2CC19524D4F006BFFE1 /* libsmbase.a in Frameworks */ = {isa = PBXBuildFile; fileRef = 070AF2CB19524D4F006BFFE1 /* libsmbase.a */; };
		070AF2CE19524D5D006BFFE1 /* libelkhound.a in Frameworks */ = {isa = PBXBuildFile; fileRef = 070AF2CD19524D5D006BFFE1 /* libelkhound.a */; };
/* End PBXBuildFile section */

/* Begin PBXCopyFilesBuildPhase section */
		070AF29E19524B15006BFFE1 /* CopyFiles */ = {
			isa = PBXCopyFilesBuildPhase;
			buildActionMask = 2147483647;
			dstPath = /usr/share/man/man1/;
			dstSubfolderSpec = 0;
			files = (
			);
			runOnlyForDeploymentPostprocessing = 1;
		};
/* End PBXCopyFilesBuildPhase section */

/* Begin PBXFileReference section */
		070AF2A019524B15006BFFE1 /* artih */ = {isa = PBXFileReference; explicitFileType = "compiled.mach-o.executable"; includeInIndex = 0; path = artih; sourceTree = BUILT_PRODUCTS_DIR; };
		070AF2B319524BA9006BFFE1 /* arith.gr.gen.cc */ = {isa = PBXFileReference; fileEncoding = 4; lastKnownFileType = sourcecode.cpp.cpp; path = arith.gr.gen.cc; sourceTree = "<group>"; };
		070AF2B419524BA9006BFFE1 /* arith.gr.gen.h */ = {isa = PBXFileReference; fileEncoding = 4; lastKnownFileType = sourcecode.c.h; path = arith.gr.gen.h; sourceTree = "<group>"; };
		070AF2B519524BA9006BFFE1 /* arith.cc */ = {isa = PBXFileReference; fileEncoding = 4; lastKnownFileType = sourcecode.cpp.cpp; path = arith.cc; sourceTree = "<group>"; };
		070AF2B619524BA9006BFFE1 /* arith.gr */ = {isa = PBXFileReference; fileEncoding = 4; lastKnownFileType = text; path = arith.gr; sourceTree = "<group>"; };
		070AF2B719524BA9006BFFE1 /* arith.h */ = {isa = PBXFileReference; fileEncoding = 4; lastKnownFileType = sourcecode.c.h; path = arith.h; sourceTree = "<group>"; };
		070AF2B819524BA9006BFFE1 /* arithyy.cc */ = {isa = PBXFileReference; fileEncoding = 4; lastKnownFileType = sourcecode.cpp.cpp; path = arithyy.cc; sourceTree = "<group>"; };
		070AF2B919524BA9006BFFE1 /* arith.lex */ = {isa = PBXFileReference; fileEncoding = 4; lastKnownFileType = text; path = arith.lex; sourceTree = "<group>"; };
		070AF2C919524D45006BFFE1 /* libast.a */ = {isa = PBXFileReference; lastKnownFileType = archive.ar; name = libast.a; path = "../../../../../../../Library/Developer/Xcode/DerivedData/elkhound-fuacodcoqbodwthdxswyyraruscs/Build/Products/Debug/libast.a"; sourceTree = "<group>"; };
		070AF2CB19524D4F006BFFE1 /* libsmbase.a */ = {isa = PBXFileReference; lastKnownFileType = archive.ar; name = libsmbase.a; path = "../../../../../../../Library/Developer/Xcode/DerivedData/elkhound-fuacodcoqbodwthdxswyyraruscs/Build/Products/Debug/libsmbase.a"; sourceTree = "<group>"; };
		070AF2CD19524D5D006BFFE1 /* libelkhound.a */ = {isa = PBXFileReference; lastKnownFileType = archive.ar; name = libelkhound.a; path = "../../../../../../../Library/Developer/Xcode/DerivedData/elkhound-fuacodcoqbodwthdxswyyraruscs/Build/Products/Debug/libelkhound.a"; sourceTree = "<group>"; };
/* End PBXFileReference section */

/* Begin PBXFrameworksBuildPhase section */
		070AF29D19524B15006BFFE1 /* Frameworks */ = {
			isa = PBXFrameworksBuildPhase;
			buildActionMask = 2147483647;
			files = (
				070AF2CE19524D5D006BFFE1 /* libelkhound.a in Frameworks */,
				070AF2CC19524D4F006BFFE1 /* libsmbase.a in Frameworks */,
			);
			runOnlyForDeploymentPostprocessing = 0;
		};
/* End PBXFrameworksBuildPhase section */

/* Begin PBXGroup section */
		070AF29719524B15006BFFE1 = {
			isa = PBXGroup;
			children = (
				07934F4C1952526F009C99D8 /* src */,
				070AF2CF19524DBC006BFFE1 /* Dependencies */,
				070AF2A119524B15006BFFE1 /* Products */,
			);
			sourceTree = "<group>";
		};
		070AF2A119524B15006BFFE1 /* Products */ = {
			isa = PBXGroup;
			children = (
				070AF2A019524B15006BFFE1 /* artih */,
			);
			name = Products;
			sourceTree = "<group>";
		};
		070AF2CF19524DBC006BFFE1 /* Dependencies */ = {
			isa = PBXGroup;
			children = (
				070AF2CD19524D5D006BFFE1 /* libelkhound.a */,
				070AF2CB19524D4F006BFFE1 /* libsmbase.a */,
				070AF2C919524D45006BFFE1 /* libast.a */,
			);
			name = Dependencies;
			sourceTree = "<group>";
		};
		07934F4C1952526F009C99D8 /* src */ = {
			isa = PBXGroup;
			children = (
				070AF2B319524BA9006BFFE1 /* arith.gr.gen.cc */,
				070AF2B419524BA9006BFFE1 /* arith.gr.gen.h */,
				070AF2B519524BA9006BFFE1 /* arith.cc */,
				070AF2B619524BA9006BFFE1 /* arith.gr */,
				070AF2B719524BA9006BFFE1 /* arith.h */,
				070AF2B819524BA9006BFFE1 /* arithyy.cc */,
				070AF2B919524BA9006BFFE1 /* arith.lex */,
			);
			name = src;
			sourceTree = "<group>";
		};
/* End PBXGroup section */

/* Begin PBXNativeTarget section */
		070AF29F19524B15006BFFE1 /* artih */ = {
			isa = PBXNativeTarget;
			buildConfigurationList = 070AF2A919524B15006BFFE1 /* Build configuration list for PBXNativeTarget "artih" */;
			buildPhases = (
				070AF2DE19524F11006BFFE1 /* Invoke Parser Generator */,
				070AF2DF19524FC1006BFFE1 /* Run Flex */,
				070AF29C19524B15006BFFE1 /* Sources */,
				070AF29D19524B15006BFFE1 /* Frameworks */,
				070AF29E19524B15006BFFE1 /* CopyFiles */,
			);
			buildRules = (
			);
			dependencies = (
			);
			name = artih;
			productName = artih;
			productReference = 070AF2A019524B15006BFFE1 /* artih */;
			productType = "com.apple.product-type.tool";
		};
/* End PBXNativeTarget section */

/* Begin PBXProject section */
		070AF29819524B15006BFFE1 /* Project object */ = {
			isa = PBXProject;
			attributes = {
				LastUpgradeCheck = 0510;
				ORGANIZATIONNAME = "Olive Tree Bible Software";
			};
			buildConfigurationList = 070AF29B19524B15006BFFE1 /* Build configuration list for PBXProject "artih" */;
			compatibilityVersion = "Xcode 3.2";
			developmentRegion = English;
			hasScannedForEncodings = 0;
			knownRegions = (
				en,
			);
			mainGroup = 070AF29719524B15006BFFE1;
			productRefGroup = 070AF2A119524B15006BFFE1 /* Products */;
			projectDirPath = "";
			projectRoot = "";
			targets = (
				070AF29F19524B15006BFFE1 /* artih */,
			);
		};
/* End PBXProject section */

/* Begin PBXShellScriptBuildPhase section */
		070AF2DE19524F11006BFFE1 /* Invoke Parser Generator */ = {
			isa = PBXShellScriptBuildPhase;
			buildActionMask = 2147483647;
			files = (
			);
			inputPaths = (
			);
			name = "Invoke Parser Generator";
			outputPaths = (
			);
			runOnlyForDeploymentPostprocessing = 0;
			shellPath = /bin/sh;
			shellScript = "# invoke the parser generator\nrm -f arith.gr.gen.cc\nrm -f arith.gr.gen.h\n${BUILD_DIR}/Debug/elkhound -v -o arith.gr.gen arith.gr\necho \"[DONE] Parser Generator Invoked\"";
		};
		070AF2DF19524FC1006BFFE1 /* Run Flex */ = {
			isa = PBXShellScriptBuildPhase;
			buildActionMask = 2147483647;
			files = (
			);
			inputPaths = (
			);
			name = "Run Flex";
			outputPaths = (
			);
			runOnlyForDeploymentPostprocessing = 0;
			shellPath = /bin/sh;
			shellScript = "rm -f arithyy.cc\nflex -oarithyy.cc arith.lex\necho \"[DONE] Flex Run for arith.lex\"";
			showEnvVarsInLog = 0;
		};
/* End PBXShellScriptBuildPhase section */

/* Begin PBXSourcesBuildPhase section */
		070AF29C19524B15006BFFE1 /* Sources */ = {
			isa = PBXSourcesBuildPhase;
			buildActionMask = 2147483647;
			files = (
				070AF2BB19524BA9006BFFE1 /* arith.cc in Sources */,
				070AF2BC19524BA9006BFFE1 /* arithyy.cc in Sources */,
				070AF2BA19524BA9006BFFE1 /* arith.gr.gen.cc in Sources */,
			);
			runOnlyForDeploymentPostprocessing = 0;
		};
/* End PBXSourcesBuildPhase section */

/* Begin XCBuildConfiguration section */
		070AF2A719524B15006BFFE1 /* Debug */ = {
			isa = XCBuildConfiguration;
			buildSettings = {
				ALWAYS_SEARCH_USER_PATHS = NO;
				CLANG_CXX_LANGUAGE_STANDARD = "gnu++0x";
				CLANG_CXX_LIBRARY = "libc++";
				CLANG_ENABLE_MODULES = YES;
				CLANG_ENABLE_OBJC_ARC = YES;
				CLANG_WARN_BOOL_CONVERSION = YES;
				CLANG_WARN_CONSTANT_CONVERSION = YES;
				CLANG_WARN_DIRECT_OBJC_ISA_USAGE = YES_ERROR;
				CLANG_WARN_EMPTY_BODY = YES;
				CLANG_WARN_ENUM_CONVERSION = YES;
				CLANG_WARN_INT_CONVERSION = YES;
				CLANG_WARN_OBJC_ROOT_CLASS = YES_ERROR;
				CLANG_WARN__DUPLICATE_METHOD_MATCH = YES;
				COPY_PHASE_STRIP = NO;
				GCC_C_LANGUAGE_STANDARD = gnu99;
				GCC_DYNAMIC_NO_PIC = NO;
				GCC_ENABLE_OBJC_EXCEPTIONS = YES;
				GCC_OPTIMIZATION_LEVEL = 0;
				GCC_PREPROCESSOR_DEFINITIONS = (
					"DEBUG=1",
					"$(inherited)",
				);
				GCC_SYMBOLS_PRIVATE_EXTERN = NO;
				GCC_WARN_64_TO_32_BIT_CONVERSION = YES;
				GCC_WARN_ABOUT_RETURN_TYPE = YES_ERROR;
				GCC_WARN_UNDECLARED_SELECTOR = YES;
				GCC_WARN_UNINITIALIZED_AUTOS = YES_AGGRESSIVE;
				GCC_WARN_UNUSED_FUNCTION = YES;
				GCC_WARN_UNUSED_VARIABLE = YES;
				MACOSX_DEPLOYMENT_TARGET = 10.9;
				ONLY_ACTIVE_ARCH = YES;
				SDKROOT = macosx;
			};
			name = Debug;
		};
		070AF2A819524B15006BFFE1 /* Release */ = {
			isa = XCBuildConfiguration;
			buildSettings = {
				ALWAYS_SEARCH_USER_PATHS = NO;
				CLANG_CXX_LANGUAGE_STANDARD = "gnu++0x";
				CLANG_CXX_LIBRARY = "libc++";
				CLANG_ENABLE_MODULES = YES;
				CLANG_ENABLE_OBJC_ARC = YES;
				CLANG_WARN_BOOL_CONVERSION = YES;
				CLANG_WARN_CONSTANT_CONVERSION = YES;
				CLANG_WARN_DIRECT_OBJC_ISA_USAGE = YES_ERROR;
				CLANG_WARN_EMPTY_BODY = YES;
				CLANG_WARN_ENUM_CONVERSION = YES;
				CLANG_WARN_INT_CONVERSION = YES;
				CLANG_WARN_OBJC_ROOT_CLASS = YES_ERROR;
				CLANG_WARN__DUPLICATE_METHOD_MATCH = YES;
				COPY_PHASE_STRIP = YES;
				DEBUG_INFORMATION_FORMAT = "dwarf-with-dsym";
				ENABLE_NS_ASSERTIONS = NO;
				GCC_C_LANGUAGE_STANDARD = gnu99;
				GCC_ENABLE_OBJC_EXCEPTIONS = YES;
				GCC_WARN_64_TO_32_BIT_CONVERSION = YES;
				GCC_WARN_ABOUT_RETURN_TYPE = YES_ERROR;
				GCC_WARN_UNDECLARED_SELECTOR = YES;
				GCC_WARN_UNINITIALIZED_AUTOS = YES_AGGRESSIVE;
				GCC_WARN_UNUSED_FUNCTION = YES;
				GCC_WARN_UNUSED_VARIABLE = YES;
				MACOSX_DEPLOYMENT_TARGET = 10.9;
				SDKROOT = macosx;
			};
			name = Release;
		};
		070AF2AA19524B15006BFFE1 /* Debug */ = {
			isa = XCBuildConfiguration;
			buildSettings = {
				HEADER_SEARCH_PATHS = (
					"$(inherited)",
					/Applications/Xcode.app/Contents/Developer/Toolchains/XcodeDefault.xctoolchain/usr/include,
					../../,
					../../../smbase,
				);
				LIBRARY_SEARCH_PATHS = (
					"$(inherited)",
					/Users/dctrotz/OliveTree/src/Ezra/src/smbase/build/Debug,
					/Users/dctrotz/OliveTree/src/Ezra/src/ast/build/Debug,
					/Users/dctrotz/OliveTree/src/Ezra/src/elkhound/build/Debug,
					"$(USER_LIBRARY_DIR)/Developer/Xcode/DerivedData/elkhound-fuacodcoqbodwthdxswyyraruscs/Build/Products/Debug",
				);
				PRODUCT_NAME = "$(TARGET_NAME)";
			};
			name = Debug;
		};
		070AF2AB19524B15006BFFE1 /* Release */ = {
			isa = XCBuildConfiguration;
			buildSettings = {
				HEADER_SEARCH_PATHS = (
					"$(inherited)",
					/Applications/Xcode.app/Contents/Developer/Toolchains/XcodeDefault.xctoolchain/usr/include,
					../../,
					../../../smbase,
				);
				LIBRARY_SEARCH_PATHS = (
					"$(inherited)",
					/Users/dctrotz/OliveTree/src/Ezra/src/smbase/build/Debug,
					/Users/dctrotz/OliveTree/src/Ezra/src/ast/build/Debug,
					/Users/dctrotz/OliveTree/src/Ezra/src/elkhound/build/Debug,
					"$(USER_LIBRARY_DIR)/Developer/Xcode/DerivedData/elkhound-fuacodcoqbodwthdxswyyraruscs/Build/Products/Debug",
				);
				PRODUCT_NAME = "$(TARGET_NAME)";
			};
			name = Release;
		};
/* End XCBuildConfiguration section */

/* Begin XCConfigurationList section */
		070AF29B19524B15006BFFE1 /* Build configuration list for PBXProject "artih" */ = {
			isa = XCConfigurationList;
			buildConfigurations = (
				070AF2A719524B15006BFFE1 /* Debug */,
				070AF2A819524B15006BFFE1 /* Release */,
			);
			defaultConfigurationIsVisible = 0;
			defaultConfigurationName = Release;
		};
		070AF2A919524B15006BFFE1 /* Build configuration list for PBXNativeTarget "artih" */ = {
			isa = XCConfigurationList;
			buildConfigurations = (
				070AF2AA19524B15006BFFE1 /* Debug */,
				070AF2AB19524B15006BFFE1 /* Release */,
			);
			defaultConfigurationIsVisible = 0;
			defaultConfigurationName = Release;
		};
/* End XCConfigurationList section */
	};
	rootObject = 070AF29819524B15006BFFE1 /* Project object */;
}
